
Microsoft Visual Studio Solution File, Format Version 12.00
# Visual Studio 15
VisualStudioVersion = 15.0.28307.421
MinimumVisualStudioVersion = 10.0.40219.1
Project("{888888A0-9F3D-457C-B088-3A5042F75D52}") = "2-8", "2-8\2-8.pyproj", "{FC6189ED-65CF-4B31-B218-102E84600893}"
EndProject
Global
	GlobalSection(SolutionConfigurationPlatforms) = preSolution
		Debug|Any CPU = Debug|Any CPU
		Release|Any CPU = Release|Any CPU
	EndGlobalSection
	GlobalSection(ProjectConfigurationPlatforms) = postSolution
		{FC6189ED-65CF-4B31-B218-102E84600893}.Debug|Any CPU.ActiveCfg = Debug|Any CPU
		{FC6189ED-65CF-4B31-B218-102E84600893}.Release|Any CPU.ActiveCfg = Release|Any CPU
	EndGlobalSection
	GlobalSection(SolutionProperties) = preSolution
		HideSolutionNode = FALSE
	EndGlobalSection
	GlobalSection(ExtensibilityGlobals) = postSolution
		SolutionGuid = {8EC2309A-30F0-487B-8BA5-5128405B650A}
	EndGlobalSection
EndGlobal
