
Microsoft Visual Studio Solution File, Format Version 12.00
# Visual Studio 15
VisualStudioVersion = 15.0.28307.421
MinimumVisualStudioVersion = 10.0.40219.1
Project("{888888A0-9F3D-457C-B088-3A5042F75D52}") = "5-6", "5-6\5-6.pyproj", "{C34CE2E1-2F66-4778-8054-9A8899F941AB}"
EndProject
Global
	GlobalSection(SolutionConfigurationPlatforms) = preSolution
		Debug|Any CPU = Debug|Any CPU
		Release|Any CPU = Release|Any CPU
	EndGlobalSection
	GlobalSection(ProjectConfigurationPlatforms) = postSolution
		{C34CE2E1-2F66-4778-8054-9A8899F941AB}.Debug|Any CPU.ActiveCfg = Debug|Any CPU
		{C34CE2E1-2F66-4778-8054-9A8899F941AB}.Release|Any CPU.ActiveCfg = Release|Any CPU
	EndGlobalSection
	GlobalSection(SolutionProperties) = preSolution
		HideSolutionNode = FALSE
	EndGlobalSection
	GlobalSection(ExtensibilityGlobals) = postSolution
		SolutionGuid = {110B553A-5BD1-4A31-8EE1-6DE932CF8A79}
	EndGlobalSection
EndGlobal
