
Microsoft Visual Studio Solution File, Format Version 12.00
# Visual Studio 15
VisualStudioVersion = 15.0.28307.421
MinimumVisualStudioVersion = 10.0.40219.1
Project("{888888A0-9F3D-457C-B088-3A5042F75D52}") = "2-11", "2-11\2-11.pyproj", "{CA9B3E3F-9043-4045-B3D0-A24186CB9F62}"
EndProject
Global
	GlobalSection(SolutionConfigurationPlatforms) = preSolution
		Debug|Any CPU = Debug|Any CPU
		Release|Any CPU = Release|Any CPU
	EndGlobalSection
	GlobalSection(ProjectConfigurationPlatforms) = postSolution
		{CA9B3E3F-9043-4045-B3D0-A24186CB9F62}.Debug|Any CPU.ActiveCfg = Debug|Any CPU
		{CA9B3E3F-9043-4045-B3D0-A24186CB9F62}.Release|Any CPU.ActiveCfg = Release|Any CPU
	EndGlobalSection
	GlobalSection(SolutionProperties) = preSolution
		HideSolutionNode = FALSE
	EndGlobalSection
	GlobalSection(ExtensibilityGlobals) = postSolution
		SolutionGuid = {618ED1B9-9484-49C1-A9CD-E116C33A5809}
	EndGlobalSection
EndGlobal
