
Microsoft Visual Studio Solution File, Format Version 12.00
# Visual Studio 15
VisualStudioVersion = 15.0.28307.421
MinimumVisualStudioVersion = 10.0.40219.1
Project("{888888A0-9F3D-457C-B088-3A5042F75D52}") = "5-5", "5-5\5-5.pyproj", "{DB6A79CE-C5EC-4FBE-B6E9-37EDD2A1CF3F}"
EndProject
Global
	GlobalSection(SolutionConfigurationPlatforms) = preSolution
		Debug|Any CPU = Debug|Any CPU
		Release|Any CPU = Release|Any CPU
	EndGlobalSection
	GlobalSection(ProjectConfigurationPlatforms) = postSolution
		{DB6A79CE-C5EC-4FBE-B6E9-37EDD2A1CF3F}.Debug|Any CPU.ActiveCfg = Debug|Any CPU
		{DB6A79CE-C5EC-4FBE-B6E9-37EDD2A1CF3F}.Release|Any CPU.ActiveCfg = Release|Any CPU
	EndGlobalSection
	GlobalSection(SolutionProperties) = preSolution
		HideSolutionNode = FALSE
	EndGlobalSection
	GlobalSection(ExtensibilityGlobals) = postSolution
		SolutionGuid = {E9826DE1-08B5-4EA0-857C-EBD6CD248935}
	EndGlobalSection
EndGlobal
