
Microsoft Visual Studio Solution File, Format Version 12.00
# Visual Studio 15
VisualStudioVersion = 15.0.28307.421
MinimumVisualStudioVersion = 10.0.40219.1
Project("{888888A0-9F3D-457C-B088-3A5042F75D52}") = "2-7", "2-7\2-7.pyproj", "{D2BAAE56-6051-45A9-84C1-0EB82247EF31}"
EndProject
Global
	GlobalSection(SolutionConfigurationPlatforms) = preSolution
		Debug|Any CPU = Debug|Any CPU
		Release|Any CPU = Release|Any CPU
	EndGlobalSection
	GlobalSection(ProjectConfigurationPlatforms) = postSolution
		{D2BAAE56-6051-45A9-84C1-0EB82247EF31}.Debug|Any CPU.ActiveCfg = Debug|Any CPU
		{D2BAAE56-6051-45A9-84C1-0EB82247EF31}.Release|Any CPU.ActiveCfg = Release|Any CPU
	EndGlobalSection
	GlobalSection(SolutionProperties) = preSolution
		HideSolutionNode = FALSE
	EndGlobalSection
	GlobalSection(ExtensibilityGlobals) = postSolution
		SolutionGuid = {0F698E7B-C7BF-48E5-B7FE-4178531D3F8B}
	EndGlobalSection
EndGlobal
