
Microsoft Visual Studio Solution File, Format Version 12.00
# Visual Studio 15
VisualStudioVersion = 15.0.28307.421
MinimumVisualStudioVersion = 10.0.40219.1
Project("{888888A0-9F3D-457C-B088-3A5042F75D52}") = "6-5", "6-5\6-5.pyproj", "{7DF52B48-BFB3-4698-9330-AB95072C1D88}"
EndProject
Global
	GlobalSection(SolutionConfigurationPlatforms) = preSolution
		Debug|Any CPU = Debug|Any CPU
		Release|Any CPU = Release|Any CPU
	EndGlobalSection
	GlobalSection(ProjectConfigurationPlatforms) = postSolution
		{7DF52B48-BFB3-4698-9330-AB95072C1D88}.Debug|Any CPU.ActiveCfg = Debug|Any CPU
		{7DF52B48-BFB3-4698-9330-AB95072C1D88}.Release|Any CPU.ActiveCfg = Release|Any CPU
	EndGlobalSection
	GlobalSection(SolutionProperties) = preSolution
		HideSolutionNode = FALSE
	EndGlobalSection
	GlobalSection(ExtensibilityGlobals) = postSolution
		SolutionGuid = {8440D19F-5F96-48BD-8904-F10603617CE4}
	EndGlobalSection
EndGlobal
