
Microsoft Visual Studio Solution File, Format Version 12.00
# Visual Studio 15
VisualStudioVersion = 15.0.28307.421
MinimumVisualStudioVersion = 10.0.40219.1
Project("{888888A0-9F3D-457C-B088-3A5042F75D52}") = "6-4", "6-4\6-4.pyproj", "{D0EAE3E8-94D9-4FDF-8F78-89C37961AEF8}"
EndProject
Global
	GlobalSection(SolutionConfigurationPlatforms) = preSolution
		Debug|Any CPU = Debug|Any CPU
		Release|Any CPU = Release|Any CPU
	EndGlobalSection
	GlobalSection(ProjectConfigurationPlatforms) = postSolution
		{D0EAE3E8-94D9-4FDF-8F78-89C37961AEF8}.Debug|Any CPU.ActiveCfg = Debug|Any CPU
		{D0EAE3E8-94D9-4FDF-8F78-89C37961AEF8}.Release|Any CPU.ActiveCfg = Release|Any CPU
	EndGlobalSection
	GlobalSection(SolutionProperties) = preSolution
		HideSolutionNode = FALSE
	EndGlobalSection
	GlobalSection(ExtensibilityGlobals) = postSolution
		SolutionGuid = {99552C99-C25F-4405-AD11-5455E86CE974}
	EndGlobalSection
EndGlobal
