
Microsoft Visual Studio Solution File, Format Version 12.00
# Visual Studio 15
VisualStudioVersion = 15.0.28307.421
MinimumVisualStudioVersion = 10.0.40219.1
Project("{888888A0-9F3D-457C-B088-3A5042F75D52}") = "2-3", "2-3\2-3.pyproj", "{302E9B60-B770-458B-A1F6-93B513AA8B76}"
EndProject
Global
	GlobalSection(SolutionConfigurationPlatforms) = preSolution
		Debug|Any CPU = Debug|Any CPU
		Release|Any CPU = Release|Any CPU
	EndGlobalSection
	GlobalSection(ProjectConfigurationPlatforms) = postSolution
		{302E9B60-B770-458B-A1F6-93B513AA8B76}.Debug|Any CPU.ActiveCfg = Debug|Any CPU
		{302E9B60-B770-458B-A1F6-93B513AA8B76}.Release|Any CPU.ActiveCfg = Release|Any CPU
	EndGlobalSection
	GlobalSection(SolutionProperties) = preSolution
		HideSolutionNode = FALSE
	EndGlobalSection
	GlobalSection(ExtensibilityGlobals) = postSolution
		SolutionGuid = {FE8662A7-5083-413A-8322-D8C613E8E420}
	EndGlobalSection
EndGlobal
