
Microsoft Visual Studio Solution File, Format Version 12.00
# Visual Studio 15
VisualStudioVersion = 15.0.28307.421
MinimumVisualStudioVersion = 10.0.40219.1
Project("{888888A0-9F3D-457C-B088-3A5042F75D52}") = "3-2", "3-2\3-2.pyproj", "{178F5DD6-40F7-43C7-89ED-D14CA7A9C000}"
EndProject
Global
	GlobalSection(SolutionConfigurationPlatforms) = preSolution
		Debug|Any CPU = Debug|Any CPU
		Release|Any CPU = Release|Any CPU
	EndGlobalSection
	GlobalSection(ProjectConfigurationPlatforms) = postSolution
		{178F5DD6-40F7-43C7-89ED-D14CA7A9C000}.Debug|Any CPU.ActiveCfg = Debug|Any CPU
		{178F5DD6-40F7-43C7-89ED-D14CA7A9C000}.Release|Any CPU.ActiveCfg = Release|Any CPU
	EndGlobalSection
	GlobalSection(SolutionProperties) = preSolution
		HideSolutionNode = FALSE
	EndGlobalSection
	GlobalSection(ExtensibilityGlobals) = postSolution
		SolutionGuid = {5833C840-1697-4CAB-BBCC-617D249CB509}
	EndGlobalSection
EndGlobal
