
Microsoft Visual Studio Solution File, Format Version 12.00
# Visual Studio 15
VisualStudioVersion = 15.0.28307.421
MinimumVisualStudioVersion = 10.0.40219.1
Project("{888888A0-9F3D-457C-B088-3A5042F75D52}") = "6-6", "6-6\6-6.pyproj", "{09CFFC12-4D99-4B9C-B28C-02DDD1DF4A6E}"
EndProject
Global
	GlobalSection(SolutionConfigurationPlatforms) = preSolution
		Debug|Any CPU = Debug|Any CPU
		Release|Any CPU = Release|Any CPU
	EndGlobalSection
	GlobalSection(ProjectConfigurationPlatforms) = postSolution
		{09CFFC12-4D99-4B9C-B28C-02DDD1DF4A6E}.Debug|Any CPU.ActiveCfg = Debug|Any CPU
		{09CFFC12-4D99-4B9C-B28C-02DDD1DF4A6E}.Release|Any CPU.ActiveCfg = Release|Any CPU
	EndGlobalSection
	GlobalSection(SolutionProperties) = preSolution
		HideSolutionNode = FALSE
	EndGlobalSection
	GlobalSection(ExtensibilityGlobals) = postSolution
		SolutionGuid = {C72BE5FE-72F2-47D9-A469-C8F1A3012403}
	EndGlobalSection
EndGlobal
