
Microsoft Visual Studio Solution File, Format Version 12.00
# Visual Studio 15
VisualStudioVersion = 15.0.28307.421
MinimumVisualStudioVersion = 10.0.40219.1
Project("{888888A0-9F3D-457C-B088-3A5042F75D52}") = "4-2", "4-2\4-2.pyproj", "{AE9BDA29-1571-438C-8A26-A07E72AA3CAF}"
EndProject
Global
	GlobalSection(SolutionConfigurationPlatforms) = preSolution
		Debug|Any CPU = Debug|Any CPU
		Release|Any CPU = Release|Any CPU
	EndGlobalSection
	GlobalSection(ProjectConfigurationPlatforms) = postSolution
		{AE9BDA29-1571-438C-8A26-A07E72AA3CAF}.Debug|Any CPU.ActiveCfg = Debug|Any CPU
		{AE9BDA29-1571-438C-8A26-A07E72AA3CAF}.Release|Any CPU.ActiveCfg = Release|Any CPU
	EndGlobalSection
	GlobalSection(SolutionProperties) = preSolution
		HideSolutionNode = FALSE
	EndGlobalSection
	GlobalSection(ExtensibilityGlobals) = postSolution
		SolutionGuid = {33837854-B134-4BAD-AD88-8CC803325FAD}
	EndGlobalSection
EndGlobal
