
Microsoft Visual Studio Solution File, Format Version 12.00
# Visual Studio 15
VisualStudioVersion = 15.0.28307.421
MinimumVisualStudioVersion = 10.0.40219.1
Project("{888888A0-9F3D-457C-B088-3A5042F75D52}") = "2-5", "2-5\2-5.pyproj", "{6F41D4BF-2AA6-4A2A-897B-106E3026620A}"
EndProject
Global
	GlobalSection(SolutionConfigurationPlatforms) = preSolution
		Debug|Any CPU = Debug|Any CPU
		Release|Any CPU = Release|Any CPU
	EndGlobalSection
	GlobalSection(ProjectConfigurationPlatforms) = postSolution
		{6F41D4BF-2AA6-4A2A-897B-106E3026620A}.Debug|Any CPU.ActiveCfg = Debug|Any CPU
		{6F41D4BF-2AA6-4A2A-897B-106E3026620A}.Release|Any CPU.ActiveCfg = Release|Any CPU
	EndGlobalSection
	GlobalSection(SolutionProperties) = preSolution
		HideSolutionNode = FALSE
	EndGlobalSection
	GlobalSection(ExtensibilityGlobals) = postSolution
		SolutionGuid = {D67AA0FA-303F-42AD-B4F5-3528BC4AF7C6}
	EndGlobalSection
EndGlobal
