
Microsoft Visual Studio Solution File, Format Version 12.00
# Visual Studio 15
VisualStudioVersion = 15.0.28307.421
MinimumVisualStudioVersion = 10.0.40219.1
Project("{888888A0-9F3D-457C-B088-3A5042F75D52}") = "4-6", "4-6\4-6.pyproj", "{4DA1B13F-7A9A-4447-9C5F-9D2ECC31086B}"
EndProject
Global
	GlobalSection(SolutionConfigurationPlatforms) = preSolution
		Debug|Any CPU = Debug|Any CPU
		Release|Any CPU = Release|Any CPU
	EndGlobalSection
	GlobalSection(ProjectConfigurationPlatforms) = postSolution
		{4DA1B13F-7A9A-4447-9C5F-9D2ECC31086B}.Debug|Any CPU.ActiveCfg = Debug|Any CPU
		{4DA1B13F-7A9A-4447-9C5F-9D2ECC31086B}.Release|Any CPU.ActiveCfg = Release|Any CPU
	EndGlobalSection
	GlobalSection(SolutionProperties) = preSolution
		HideSolutionNode = FALSE
	EndGlobalSection
	GlobalSection(ExtensibilityGlobals) = postSolution
		SolutionGuid = {F88B2152-1674-499E-A7C1-0A2546D21967}
	EndGlobalSection
EndGlobal
