
Microsoft Visual Studio Solution File, Format Version 12.00
# Visual Studio 15
VisualStudioVersion = 15.0.28307.421
MinimumVisualStudioVersion = 10.0.40219.1
Project("{888888A0-9F3D-457C-B088-3A5042F75D52}") = "2-12", "2-12\2-12.pyproj", "{0174BF4D-F2AF-4CB5-A797-A3B45DC9E730}"
EndProject
Global
	GlobalSection(SolutionConfigurationPlatforms) = preSolution
		Debug|Any CPU = Debug|Any CPU
		Release|Any CPU = Release|Any CPU
	EndGlobalSection
	GlobalSection(ProjectConfigurationPlatforms) = postSolution
		{0174BF4D-F2AF-4CB5-A797-A3B45DC9E730}.Debug|Any CPU.ActiveCfg = Debug|Any CPU
		{0174BF4D-F2AF-4CB5-A797-A3B45DC9E730}.Release|Any CPU.ActiveCfg = Release|Any CPU
	EndGlobalSection
	GlobalSection(SolutionProperties) = preSolution
		HideSolutionNode = FALSE
	EndGlobalSection
	GlobalSection(ExtensibilityGlobals) = postSolution
		SolutionGuid = {09F45CDF-0E26-4A23-B1EE-F20DF3B8FD60}
	EndGlobalSection
EndGlobal
