
Microsoft Visual Studio Solution File, Format Version 12.00
# Visual Studio 15
VisualStudioVersion = 15.0.28307.421
MinimumVisualStudioVersion = 10.0.40219.1
Project("{888888A0-9F3D-457C-B088-3A5042F75D52}") = "3-3", "3-3\3-3.pyproj", "{E1F52618-C5CD-499E-A781-DDBB6ABEE9C2}"
EndProject
Global
	GlobalSection(SolutionConfigurationPlatforms) = preSolution
		Debug|Any CPU = Debug|Any CPU
		Release|Any CPU = Release|Any CPU
	EndGlobalSection
	GlobalSection(ProjectConfigurationPlatforms) = postSolution
		{E1F52618-C5CD-499E-A781-DDBB6ABEE9C2}.Debug|Any CPU.ActiveCfg = Debug|Any CPU
		{E1F52618-C5CD-499E-A781-DDBB6ABEE9C2}.Release|Any CPU.ActiveCfg = Release|Any CPU
	EndGlobalSection
	GlobalSection(SolutionProperties) = preSolution
		HideSolutionNode = FALSE
	EndGlobalSection
	GlobalSection(ExtensibilityGlobals) = postSolution
		SolutionGuid = {F2B79384-D703-4854-991D-75536604EA40}
	EndGlobalSection
EndGlobal
