
Microsoft Visual Studio Solution File, Format Version 12.00
# Visual Studio 15
VisualStudioVersion = 15.0.28307.421
MinimumVisualStudioVersion = 10.0.40219.1
Project("{888888A0-9F3D-457C-B088-3A5042F75D52}") = "6-2", "6-2\6-2.pyproj", "{F1C02507-79C9-4790-B187-2041BFE0E45A}"
EndProject
Global
	GlobalSection(SolutionConfigurationPlatforms) = preSolution
		Debug|Any CPU = Debug|Any CPU
		Release|Any CPU = Release|Any CPU
	EndGlobalSection
	GlobalSection(ProjectConfigurationPlatforms) = postSolution
		{F1C02507-79C9-4790-B187-2041BFE0E45A}.Debug|Any CPU.ActiveCfg = Debug|Any CPU
		{F1C02507-79C9-4790-B187-2041BFE0E45A}.Release|Any CPU.ActiveCfg = Release|Any CPU
	EndGlobalSection
	GlobalSection(SolutionProperties) = preSolution
		HideSolutionNode = FALSE
	EndGlobalSection
	GlobalSection(ExtensibilityGlobals) = postSolution
		SolutionGuid = {FDCDB0CD-179B-4B34-86AA-55327066DE29}
	EndGlobalSection
EndGlobal
