
Microsoft Visual Studio Solution File, Format Version 12.00
# Visual Studio 15
VisualStudioVersion = 15.0.28307.421
MinimumVisualStudioVersion = 10.0.40219.1
Project("{888888A0-9F3D-457C-B088-3A5042F75D52}") = "2-4", "2-4\2-4.pyproj", "{3CFFA974-7C88-4696-8D2D-E34936AC2854}"
EndProject
Global
	GlobalSection(SolutionConfigurationPlatforms) = preSolution
		Debug|Any CPU = Debug|Any CPU
		Release|Any CPU = Release|Any CPU
	EndGlobalSection
	GlobalSection(ProjectConfigurationPlatforms) = postSolution
		{3CFFA974-7C88-4696-8D2D-E34936AC2854}.Debug|Any CPU.ActiveCfg = Debug|Any CPU
		{3CFFA974-7C88-4696-8D2D-E34936AC2854}.Release|Any CPU.ActiveCfg = Release|Any CPU
	EndGlobalSection
	GlobalSection(SolutionProperties) = preSolution
		HideSolutionNode = FALSE
	EndGlobalSection
	GlobalSection(ExtensibilityGlobals) = postSolution
		SolutionGuid = {EC8F8002-DFBA-4AED-9674-D26E13C89A20}
	EndGlobalSection
EndGlobal
