
Microsoft Visual Studio Solution File, Format Version 12.00
# Visual Studio 15
VisualStudioVersion = 15.0.28307.421
MinimumVisualStudioVersion = 10.0.40219.1
Project("{888888A0-9F3D-457C-B088-3A5042F75D52}") = "5-3", "5-3\5-3.pyproj", "{C5968C3A-51A8-4530-9DCE-5F5C7C4795A0}"
EndProject
Global
	GlobalSection(SolutionConfigurationPlatforms) = preSolution
		Debug|Any CPU = Debug|Any CPU
		Release|Any CPU = Release|Any CPU
	EndGlobalSection
	GlobalSection(ProjectConfigurationPlatforms) = postSolution
		{C5968C3A-51A8-4530-9DCE-5F5C7C4795A0}.Debug|Any CPU.ActiveCfg = Debug|Any CPU
		{C5968C3A-51A8-4530-9DCE-5F5C7C4795A0}.Release|Any CPU.ActiveCfg = Release|Any CPU
	EndGlobalSection
	GlobalSection(SolutionProperties) = preSolution
		HideSolutionNode = FALSE
	EndGlobalSection
	GlobalSection(ExtensibilityGlobals) = postSolution
		SolutionGuid = {1CA29628-6196-4B36-B2D7-CE83ADE4C5B8}
	EndGlobalSection
EndGlobal
